
Microsoft Visual Studio Solution File, Format Version 12.00
# Visual Studio Version 16
VisualStudioVersion = 16.0.30711.63
MinimumVisualStudioVersion = 10.0.40219.1
Project("{FAE04EC0-301F-11D3-BF4B-00C04F79EFBC}") = "Clock.SignalR.Server", "Clock.SignalR.Server\Clock.SignalR.Server.csproj", "{A1BE033F-70C7-464E-B9F4-19CF3E85C261}"
EndProject
Project("{FAE04EC0-301F-11D3-BF4B-00C04F79EFBC}") = "Clock.SignalR.Client.Console", "Clock.SignalR.Client.Console\Clock.SignalR.Client.Console.csproj", "{35530434-19A8-47B4-81F0-CE485B4CFE50}"
EndProject
Global
	GlobalSection(SolutionConfigurationPlatforms) = preSolution
		Debug|Any CPU = Debug|Any CPU
		Release|Any CPU = Release|Any CPU
	EndGlobalSection
	GlobalSection(ProjectConfigurationPlatforms) = postSolution
		{A1BE033F-70C7-464E-B9F4-19CF3E85C261}.Debug|Any CPU.ActiveCfg = Debug|Any CPU
		{A1BE033F-70C7-464E-B9F4-19CF3E85C261}.Debug|Any CPU.Build.0 = Debug|Any CPU
		{A1BE033F-70C7-464E-B9F4-19CF3E85C261}.Release|Any CPU.ActiveCfg = Release|Any CPU
		{A1BE033F-70C7-464E-B9F4-19CF3E85C261}.Release|Any CPU.Build.0 = Release|Any CPU
		{35530434-19A8-47B4-81F0-CE485B4CFE50}.Debug|Any CPU.ActiveCfg = Debug|Any CPU
		{35530434-19A8-47B4-81F0-CE485B4CFE50}.Debug|Any CPU.Build.0 = Debug|Any CPU
		{35530434-19A8-47B4-81F0-CE485B4CFE50}.Release|Any CPU.ActiveCfg = Release|Any CPU
		{35530434-19A8-47B4-81F0-CE485B4CFE50}.Release|Any CPU.Build.0 = Release|Any CPU
	EndGlobalSection
	GlobalSection(SolutionProperties) = preSolution
		HideSolutionNode = FALSE
	EndGlobalSection
	GlobalSection(ExtensibilityGlobals) = postSolution
		SolutionGuid = {5ED76587-5B6A-4C08-A379-1687476F2DB3}
	EndGlobalSection
EndGlobal
